{
  "name": "discrete-probabilities",
  "version": "1.0.0",
  "lockfileVersion": 3,
  "requires": true,
  "packages": {
    "": {
      "name": "discrete-probabilities",
      "version": "1.0.0",
      "license": "MIT",
      "dependencies": {
        "hamt_plus": "1.0.2"
      },
      "devDependencies": {
        "@types/hamt_plus": "1.0.0",
        "prettier": "3.6.2",
        "typescript": "5.9.3"
      }
    },
    "node_modules/@types/hamt_plus": {
      "version": "1.0.0",
      "resolved": "https://registry.npmjs.org/@types/hamt_plus/-/hamt_plus-1.0.0.tgz",
      "integrity": "sha512-TXfkFjP0uZT0AlFIaEuOrbChgZ5dgEWbTXYafsy+0g8TH4+v62sYY7pgmvcE+6aUq1GtX8I6iGr7LUwEIft9/w==",
      "dev": true,
      "license": "MIT"
    },
    "node_modules/hamt_plus": {
      "version": "1.0.2",
      "resolved": "https://registry.npmjs.org/hamt_plus/-/hamt_plus-1.0.2.tgz",
      "integrity": "sha512-t2JXKaehnMb9paaYA7J0BX8QQAY8lwfQ9Gjf4pg/mk4krt+cmwmU652HOoWonf+7+EQV97ARPMhhVgU1ra2GhA==",
      "license": "MIT"
    },
    "node_modules/prettier": {
      "version": "3.6.2",
      "resolved": "https://registry.npmjs.org/prettier/-/prettier-3.6.2.tgz",
      "integrity": "sha512-I7AIg5boAr5R0FFtJ6rCfD+LFsWHp81dolrFD8S79U9tb8Az2nGrJncnMSnys+bpQJfRUzqs9hnA81OAA3hCuQ==",
      "dev": true,
      "license": "MIT",
      "bin": {
        "prettier": "bin/prettier.cjs"
      },
      "engines": {
        "node": ">=14"
      },
      "funding": {
        "url": "https://github.com/prettier/prettier?sponsor=1"
      }
    },
    "node_modules/typescript": {
      "version": "5.9.3",
      "resolved": "https://registry.npmjs.org/typescript/-/typescript-5.9.3.tgz",
      "integrity": "sha512-jl1vZzPDinLr9eUt3J/t7V6FgNEw9QjvBPdysz9KfQDD41fQrC2Y4vKQdiaUpFT4bXlb1RHhLpp8wtm6M5TgSw==",
      "dev": true,
      "license": "Apache-2.0",
      "bin": {
        "tsc": "bin/tsc",
        "tsserver": "bin/tsserver"
      },
      "engines": {
        "node": ">=14.17"
      }
    }
  }
}
